{
    "_meta": {
        "hash": {
            "sha256": "06601c0a9c3c2b752e813f016422c0f165ee0ebe7329e16527816e9d8f992e3e"
        },
        "pipfile-spec": 6,
        "requires": {
            "python_version": "3.6"
        },
        "sources": [
            {
                "name": "pypi",
                "url": "https://pypi.python.org/simple",
                "verify_ssl": true
            }
        ]
    },
    "default": {
        "beautifulsoup4": {
            "hashes": [
                "sha256:11a9a27b7d3bddc6d86f59fb76afb70e921a25ac2d6cc55b40d072bd68435a76",
                "sha256:7015e76bf32f1f574636c4288399a6de66ce08fb7b2457f628a8d70c0fbabb11",
                "sha256:808b6ac932dccb0a4126558f7dfdcf41710dd44a4ef497a0bb59a77f9f078e89"
            ],
            "index": "pypi",
            "version": "==4.6.0"
        },
        "certifi": {
            "hashes": [
                "sha256:35824b4c3a97115964b408844d64aa14db1cc518f6562e8d7261699d1350a9e3",
                "sha256:4ad3232f5e926d6718ec31cfc1fcadfde020920e278684144551c91769c7bc18"
            ],
            "index": "pypi",
            "version": "==2022.12.7"
        },
        "chardet": {
            "hashes": [
                "sha256:84ab92ed1c4d4f16916e05906b6b75a6c0fb5db821cc65e70cbd64a3e2a5eaae",
                "sha256:fc323ffcaeaed0e0a02bf4d117757b98aed530d9ed4531e3e15460124c106691"
            ],
            "version": "==3.0.4"
        },
        "cycler": {
            "hashes": [
                "sha256:3a27e95f763a428a739d2add979fa7494c912a32c17c4c38c4d5f082cad165a3",
                "sha256:9c87405839a19696e837b3b818fed3f5f69f16f1eec1a1ad77e043dcea9c772f"
            ],
            "markers": "python_version >= '3.6'",
            "version": "==0.11.0"
        },
        "decorator": {
            "hashes": [
                "sha256:637996211036b6385ef91435e4fae22989472f9d571faba8927ba8253acbc330",
                "sha256:b8c3f85900b9dc423225913c5aace94729fe1fa9763b38939a95226f02d37186"
            ],
            "markers": "python_version >= '3.5'",
            "version": "==5.1.1"
        },
        "entrypoints": {
            "hashes": [
                "sha256:b706eddaa9218a19ebcd67b56818f05bb27589b1ca9e8d797b74affad4ccacd4",
                "sha256:f174b5ff827504fd3cd97cc3f8649f3693f51538c7e4bdf3ef002c8429d42f9f"
            ],
            "markers": "python_version >= '3.6'",
            "version": "==0.4"
        },
        "idna": {
            "hashes": [
                "sha256:2c6a5de3089009e3da7c5dde64a141dbc8551d5b7f6cf4ed7c2568d0cc520a8f",
                "sha256:8c7309c718f94b3a625cb648ace320157ad16ff131ae0af362c9f21b80ef6ec4"
            ],
            "version": "==2.6"
        },
        "ipykernel": {
            "hashes": [
                "sha256:188c786b7d1786b10214aa64089e62bb2ee54dd2aa3d17db5bb39ffacf44b21d",
                "sha256:2e1825aca4e2585b5adb7953ea16e53f53a62159ed49952a564b1e23507205db",
                "sha256:afe2bebd8b47ac91801f13f26c228897ebd63793e7daa271921fdbc6dd719173"
            ],
            "index": "pypi",
            "version": "==4.6.1"
        },
        "ipython": {
            "hashes": [
                "sha256:51c158a6c8b899898d1c91c6b51a34110196815cc905f9be0fa5878e19355608",
                "sha256:fcc6d46f08c3c4de7b15ae1c426e15be1b7932bcda9d83ce1a4304e8c1129df3"
            ],
            "index": "pypi",
            "version": "==6.2.1"
        },
        "ipython-genutils": {
            "hashes": [
                "sha256:72dd37233799e619666c9f639a9da83c34013a73e8bbc79a7a6348d93c61fab8",
                "sha256:eb2e116e75ecef9d4d228fdc66af54269afa26ab4463042e33785b887c628ba8"
            ],
            "version": "==0.2.0"
        },
        "jedi": {
            "hashes": [
                "sha256:203c1fd9d969ab8f2119ec0a3342e0b49910045abe6af0a3ae83a5764d54639e",
                "sha256:bae794c30d07f6d910d32a7048af09b5a39ed740918da923c6b780790ebac612"
            ],
            "markers": "python_version >= '3.6'",
            "version": "==0.18.2"
        },
        "jieba": {
            "hashes": [
                "sha256:de385e48582a4862e55a9167334d0fbe91d479026e5dac40e59e22c08b8e883e"
            ],
            "index": "pypi",
            "version": "==0.39"
        },
        "jupyter-client": {
            "hashes": [
                "sha256:4ea61033726c8e579edb55626d8ee2e6bf0a83158ddf3751b8dd46b2c5cd1e96",
                "sha256:d56f1c57bef42ff31e61b1185d3348a5b2bcde7c9a05523ae4dbe5ee0871797c"
            ],
            "markers": "python_full_version >= '3.6.1'",
            "version": "==7.1.2"
        },
        "jupyter-core": {
            "hashes": [
                "sha256:d69baeb9ffb128b8cd2657fcf2703f89c769d1673c851812119e3a2a0e93ad9a",
                "sha256:f875e4d27e202590311d468fa55f90c575f201490bd0c18acabe4e318db4a46d"
            ],
            "markers": "python_version >= '3.6'",
            "version": "==4.9.2"
        },
        "matplotlib": {
            "hashes": [
                "sha256:063a07660bee266c947e5ac0044053074c3ff3e5398614538d21c29b622ed0bd",
                "sha256:09214eb11171a8426c9c89a236f05f26a76b204e5346dd4382ddcfb74820d467",
                "sha256:11c7ed4716833c5b70f72f6c795a948d413e2af659442aa145d1e91868393084",
                "sha256:14b0ab89e58621105c7b2cfd5ddc6cf13a87ac7cbcc73c287e4003d1f5e40fae",
                "sha256:226f9c3799c16fdfc9be4b64bee2f1956626eddb58b24359247b0fb72afd76a0",
                "sha256:353b56cd2fed8977767356cb686e3bf74789a4abd81e4bdfc4d57b40679fe057",
                "sha256:4a2d2d97266e4e199266b7e409e5e8be4d3b26b4bad2702b70a8ae18f52d97b4",
                "sha256:4b5f16c9cefde553ea79975305dcaa67c8e13d927b6e55aa14b4a8d867e25387",
                "sha256:50aef54b4f947001667c775b1973928cdb3e33024cb93f81b5b024b34b1488a7",
                "sha256:5c50343bc8e70f2b811188790fa899430062ce37696a166374239c838015a995",
                "sha256:a5ba34f1b4d1e81be4df0fd033abd8062dbce2eca5b3a25339edb31e4390568a",
                "sha256:b2e3b1eaf3a2753a1a63826bf4ab7487b383fbef5ef4941b25f4193baaa95d95",
                "sha256:c665d3daf24f95acbd1541681ab1185e283afc046fe4175bfceab2cf26a8620b",
                "sha256:c8579a840a1bd93e00a273aac0be3edd94b805fe4cd2156f01611622032188d1",
                "sha256:d0d7036045e6a08663e428e4ea4af69164cdd79c486d31be835bb2ca7f5f1962",
                "sha256:ea24f02268149aebe4f239635da8183f4e43f9116eebf8fcd365e2d04bc821fe",
                "sha256:f490f684a241cd88003afebc356f5c69bdced22e549fbd50b914f7fe07ce4fa3",
                "sha256:fa6155cf41857135bff125419256ccab6ce81e0cd63fac60a7c673efa8a989dd"
            ],
            "index": "pypi",
            "version": "==2.1.0"
        },
        "mpmath": {
            "hashes": [
                "sha256:604bc21bd22d2322a177c73bdb573994ef76e62edd595d17e00aff24b0667e5c",
                "sha256:79ffb45cf9f4b101a807595bcb3e72e0396202e0b1d25d689134b48c4216a81a"
            ],
            "version": "==1.2.1"
        },
        "nest-asyncio": {
            "hashes": [
                "sha256:b9a953fb40dceaa587d109609098db21900182b16440652454a146cffb06e8b8",
                "sha256:d267cc1ff794403f7df692964d1d2a3fa9418ffea2a3f6859a439ff482fef290"
            ],
            "markers": "python_version >= '3.5'",
            "version": "==1.5.6"
        },
        "numpy": {
            "hashes": [
                "sha256:09b87d652c03508447d0f618e1d3ae57595acd3e0f0c11ac91bf68ed7bdb3a28",
                "sha256:11fcbed36c101a3b9c4636e791efccba82409ebbedaba938c97be8bdddd029cc",
                "sha256:2875e8055a1ea8d933b1c9d0f8714c0aa11c097bfadfcb8564c4d868fbf09a41",
                "sha256:36ee86d5adbabc4fa2643a073f93d5504bdfed37a149a3a49f4dde259f35a750",
                "sha256:479863de17f66810db00bccf35289555365da45d3b053ccf539b95ab3b9c24f6",
                "sha256:4c767b6d9c9a071bb36ea34eb240ee5192fe0bc4c13be5e6c51e0350a30f7ac0",
                "sha256:539345898a4ae17421c159ae2a350901a5e6ce3da8f24168c6c67b3536e13de8",
                "sha256:62b09f3d1ea01d79c16a6642cb21599f53b9338c59971b2418a573155d2202ec",
                "sha256:6c6feb0647380db6e1d5d49ef9fb59c42240f25fb8df8b6e82ecb436c7e0621a",
                "sha256:7dfa5b49fb2a080bd0d39bfbcff1177bacb14fcb28c857fd65fd0c18938935de",
                "sha256:8969c8f987f8bcc3e30c014532cfc20e4a8f86a50c361596e086310853adacb7",
                "sha256:910e7ae5eeee8d322775187692c5c66719cd58d230fbfd57245ea3cf75716910",
                "sha256:929928932f91082a168e36984179deddd58f8e98822ad2f33a2955d7c4eec596",
                "sha256:9cad35b911e150f00bb8080950c7e9f172714bbd0234f5ab74b4e3e2d9288b37",
                "sha256:b162c6b044960b4ea0f42be049ce2af1d18c60f82748f0a27bd5ad182a731bf3",
                "sha256:b2f98838f4bbc3bf23af7e97ffcad18a2dc6bbb0726796781e02b9347af6685f",
                "sha256:c4b1914d86c43399438518a2ac8bcba2fb64dd5a18efddded3783b9daae70933",
                "sha256:c8dc6aa96882df6323bf9545934e37c6e05959bd789ae4b14d50509b093907aa",
                "sha256:d29e72413b66df23c75b9b469253c823698ea2e00f58e9e0df64b7a50696e8ac",
                "sha256:da2f47e46d7a93b73891d1981378717dc73c6ad5cc4fd23c934bfea7847fa958",
                "sha256:e8e0e75db757e41463888939d26c8058b4ecd25e563c597e9119f512dc0ee1da",
                "sha256:f5c9ca457057cd5e12ddab36cded8b1f38bf1f45bf550d4ca2839b11ec57f597",
                "sha256:fa656dccfa9141774440575a6e7875d08b93f4a332eb5ae40877b26bed291c01"
            ],
            "index": "pypi",
            "version": "==1.13.3"
        },
        "pandas": {
            "hashes": [
                "sha256:0ce4e91be750bc9c87c5ffb19fa07c49fc53cccc2103b029d5783e2be2e33ee8",
                "sha256:1cc76558fa3b6eaa5bd1e6290862092eb49727151ae7a05a4c7691c4fecff65a",
                "sha256:1e4d28c22eab2249248c30cbd40e1da1dfde76b0b8238c3a00b2c2febe26502e",
                "sha256:25eeaa3ef515e8b57b91d9b06d2118f13f72ba05d39b9cb27d508ae29086fc20",
                "sha256:318481d4129c753c2e3f89b4c5097de869778bd58bc2c197d5a37728b8731596",
                "sha256:39c14e05aa31ae9c7ad108440967bb3e3ea4f2502de04b7f028f9b6bbe843c56",
                "sha256:3df408ae6fa7393355306f495c38971ba4c48500b497079013c50a0131248b17",
                "sha256:42d1d7a8e0e1c00efe5c561b3815f0d9f721b0eb4383c8a1dcaf51a449490d3f",
                "sha256:5cd5cb30e72eeaf202f0e5e180780b897570e889d2db328c689a5a263405c559",
                "sha256:81c4f49575c6d5c394128180442ddbd370f495780763d4035e5ae6c14e3aa0ee",
                "sha256:873a404581a2e7849d7ed8190cdcee70a3f60d1bd02403b66249bfd450b93e37",
                "sha256:9218563fe44c7f58465707781b3ee64d8680c5e82625b128f0dbcf32f0e123fd",
                "sha256:92a4fc33cfb723f9544853e0e7e907efc8b0d4666f3bb5e8defbe9f354bcda94",
                "sha256:9eb5659f0b1dda3c8922a2c5f5560864db8859c37cd1846a875f9d57eff9bbbf",
                "sha256:aaf5ad3fdae2787bac3f0a12e313e9ab5a38e4e35dd8c2110ccc3f6369e868bb",
                "sha256:b3ed1d71bdf08ab7702c2a9463f001845480f4c8a7d64af77a4cbfdadab6e625",
                "sha256:efbc55164e87d55feaa0c47e711b747d0e51129b4970bf2ac65b4d3d95d2c677"
            ],
            "index": "pypi",
            "version": "==0.21.0"
        },
        "parso": {
            "hashes": [
                "sha256:8c07be290bb59f03588915921e29e8a50002acaf2cdc5fa0e0114f91709fafa0",
                "sha256:c001d4636cd3aecdaf33cbb40aebb59b094be2a74c556778ef5576c175e19e75"
            ],
            "markers": "python_version >= '3.6'",
            "version": "==0.8.3"
        },
        "pexpect": {
            "hashes": [
                "sha256:0b48a55dcb3c05f3329815901ea4fc1537514d6ba867a152b581d69ae3710937",
                "sha256:fc65a43959d153d0114afe13997d439c22823a27cefceb5ff35c2178c6784c0c"
            ],
            "markers": "sys_platform != 'win32'",
            "version": "==4.8.0"
        },
        "pickleshare": {
            "hashes": [
                "sha256:87683d47965c1da65cdacaf31c8441d12b8044cdec9aca500cd78fc2c683afca",
                "sha256:9649af414d74d4df115d5d718f82acb59c9d418196b7b4290ed47a12ce62df56"
            ],
            "version": "==0.7.5"
        },
        "prompt-toolkit": {
            "hashes": [
                "sha256:37925b37a4af1f6448c76b7606e0285f79f434ad246dda007a27411cca730c6d",
                "sha256:dd4fca02c8069497ad931a2d09914c6b0d1b50151ce876bc15bde4c747090126",
                "sha256:f7eec66105baf40eda9ab026cd8b2e251337eea8d111196695d82e0c5f0af852"
            ],
            "version": "==1.0.18"
        },
        "ptyprocess": {
            "hashes": [
                "sha256:4b41f3967fce3af57cc7e94b888626c18bf37a083e3651ca8feeb66d492fef35",
                "sha256:5c5d0a3b48ceee0b48485e0c26037c0acd7d29765ca3fbb5cb3831d347423220"
            ],
            "version": "==0.7.0"
        },
        "pygments": {
            "hashes": [
                "sha256:56a8508ae95f98e2b9bdf93a6be5ae3f7d8af858b43e02c5a2ff083726be40c1",
                "sha256:f643f331ab57ba3c9d89212ee4a2dabc6e94f117cf4eefde99a0574720d14c42"
            ],
            "markers": "python_version >= '3.6'",
            "version": "==2.13.0"
        },
        "pyparsing": {
            "hashes": [
                "sha256:2b020ecf7d21b687f219b71ecad3631f644a47f01403fa1d1036b0c6416d70fb",
                "sha256:5026bae9a10eeaefb61dab2f09052b9f4307d44aee4eda64b309723d8d206bbc"
            ],
            "markers": "python_full_version >= '3.6.8'",
            "version": "==3.0.9"
        },
        "python-dateutil": {
            "hashes": [
                "sha256:0123cacc1627ae19ddf3c27a5de5bd67ee4586fbdd6440d9748f8abb483d3e86",
                "sha256:961d03dc3453ebbc59dbdea9e4e11c5651520a876d0f4db161e8674aae935da9"
            ],
            "markers": "python_version >= '2.7' and python_version not in '3.0, 3.1, 3.2, 3.3'",
            "version": "==2.8.2"
        },
        "pytz": {
            "hashes": [
                "sha256:222439474e9c98fced559f1709d89e6c9cbf8d79c794ff3eb9f8800064291427",
                "sha256:e89512406b793ca39f5971bc999cc538ce125c0e51c27941bef4568b460095e2"
            ],
            "version": "==2022.6"
        },
        "pyzmq": {
            "hashes": [
                "sha256:0108358dab8c6b27ff6b985c2af4b12665c1bc659648284153ee501000f5c107",
                "sha256:07bec1a1b22dacf718f2c0e71b49600bb6a31a88f06527dfd0b5aababe3fa3f7",
                "sha256:0e8f482c44ccb5884bf3f638f29bea0f8dc68c97e38b2061769c4cb697f6140d",
                "sha256:0ec91f1bad66f3ee8c6deb65fa1fe418e8ad803efedd69c35f3b5502f43bd1dc",
                "sha256:0f14cffd32e9c4c73da66db97853a6aeceaac34acdc0fae9e5bbc9370281864c",
                "sha256:15975747462ec49fdc863af906bab87c43b2491403ab37a6d88410635786b0f4",
                "sha256:1724117bae69e091309ffb8255412c4651d3f6355560d9af312d547f6c5bc8b8",
                "sha256:1a7c280185c4da99e0cc06c63bdf91f5b0b71deb70d8717f0ab870a43e376db8",
                "sha256:1b7928bb7580736ffac5baf814097be342ba08d3cfdfb48e52773ec959572287",
                "sha256:2032d9cb994ce3b4cba2b8dfae08c7e25bc14ba484c770d4d3be33c27de8c45b",
                "sha256:20e7eeb1166087db636c06cae04a1ef59298627f56fb17da10528ab52a14c87f",
                "sha256:216f5d7dbb67166759e59b0479bca82b8acf9bed6015b526b8eb10143fb08e77",
                "sha256:28b119ba97129d3001673a697b7cce47fe6de1f7255d104c2f01108a5179a066",
                "sha256:3104f4b084ad5d9c0cb87445cc8cfd96bba710bef4a66c2674910127044df209",
                "sha256:3e6192dbcefaaa52ed81be88525a54a445f4b4fe2fffcae7fe40ebb58bd06bfd",
                "sha256:42d4f97b9795a7aafa152a36fe2ad44549b83a743fd3e77011136def512e6c2a",
                "sha256:44e706bac34e9f50779cb8c39f10b53a4d15aebb97235643d3112ac20bd577b4",
                "sha256:47b11a729d61a47df56346283a4a800fa379ae6a85870d5a2e1e4956c828eedc",
                "sha256:4854f9edc5208f63f0841c0c667260ae8d6846cfa233c479e29fdc85d42ebd58",
                "sha256:48f721f070726cd2a6e44f3c33f8ee4b24188e4b816e6dd8ba542c8c3bb5b246",
                "sha256:52afb0ac962963fff30cf1be775bc51ae083ef4c1e354266ab20e5382057dd62",
                "sha256:54d8b9c5e288362ec8595c1d98666d36f2070fd0c2f76e2b3c60fbad9bd76227",
                "sha256:5bd3d7dfd9cd058eb68d9a905dec854f86649f64d4ddf21f3ec289341386c44b",
                "sha256:613010b5d17906c4367609e6f52e9a2595e35d5cc27d36ff3f1b6fa6e954d944",
                "sha256:624321120f7e60336be8ec74a172ae7fba5c3ed5bf787cc85f7e9986c9e0ebc2",
                "sha256:65c94410b5a8355cfcf12fd600a313efee46ce96a09e911ea92cf2acf6708804",
                "sha256:6640f83df0ae4ae1104d4c62b77e9ef39be85ebe53f636388707d532bee2b7b8",
                "sha256:687700f8371643916a1d2c61f3fdaa630407dd205c38afff936545d7b7466066",
                "sha256:77c2713faf25a953c69cf0f723d1b7dd83827b0834e6c41e3fb3bbc6765914a1",
                "sha256:78068e8678ca023594e4a0ab558905c1033b2d3e806a0ad9e3094e231e115a33",
                "sha256:7a23ccc1083c260fa9685c93e3b170baba45aeed4b524deb3f426b0c40c11639",
                "sha256:7abddb2bd5489d30ffeb4b93a428130886c171b4d355ccd226e83254fcb6b9ef",
                "sha256:80093b595921eed1a2cead546a683b9e2ae7f4a4592bb2ab22f70d30174f003a",
                "sha256:8242543c522d84d033fe79be04cb559b80d7eb98ad81b137ff7e0a9020f00ace",
                "sha256:838812c65ed5f7c2bd11f7b098d2e5d01685a3f6d1f82849423b570bae698c00",
                "sha256:83ea1a398f192957cb986d9206ce229efe0ee75e3c6635baff53ddf39bd718d5",
                "sha256:8421aa8c9b45ea608c205db9e1c0c855c7e54d0e9c2c2f337ce024f6843cab3b",
                "sha256:858375573c9225cc8e5b49bfac846a77b696b8d5e815711b8d4ba3141e6e8879",
                "sha256:86de64468cad9c6d269f32a6390e210ca5ada568c7a55de8e681ca3b897bb340",
                "sha256:87f7ac99b15270db8d53f28c3c7b968612993a90a5cf359da354efe96f5372b4",
                "sha256:8bad8210ad4df68c44ff3685cca3cda448ee46e20d13edcff8909eba6ec01ca4",
                "sha256:8bb4af15f305056e95ca1bd086239b9ebc6ad55e9f49076d27d80027f72752f6",
                "sha256:8c78bfe20d4c890cb5580a3b9290f700c570e167d4cdcc55feec07030297a5e3",
                "sha256:8f3f3154fde2b1ff3aa7b4f9326347ebc89c8ef425ca1db8f665175e6d3bd42f",
                "sha256:94010bd61bc168c103a5b3b0f56ed3b616688192db7cd5b1d626e49f28ff51b3",
                "sha256:941fab0073f0a54dc33d1a0460cb04e0d85893cb0c5e1476c785000f8b359409",
                "sha256:9dca7c3956b03b7663fac4d150f5e6d4f6f38b2462c1e9afd83bcf7019f17913",
                "sha256:a180dbd5ea5d47c2d3b716d5c19cc3fb162d1c8db93b21a1295d69585bfddac1",
                "sha256:a2712aee7b3834ace51738c15d9ee152cc5a98dc7d57dd93300461b792ab7b43",
                "sha256:a435ef8a3bd95c8a2d316d6e0ff70d0db524f6037411652803e118871d703333",
                "sha256:abb756147314430bee5d10919b8493c0ccb109ddb7f5dfd2fcd7441266a25b75",
                "sha256:abe6eb10122f0d746a0d510c2039ae8edb27bc9af29f6d1b05a66cc2401353ff",
                "sha256:acbd0a6d61cc954b9f535daaa9ec26b0a60a0d4353c5f7c1438ebc88a359a47e",
                "sha256:ae08ac90aa8fa14caafc7a6251bd218bf6dac518b7bff09caaa5e781119ba3f2",
                "sha256:ae61446166983c663cee42c852ed63899e43e484abf080089f771df4b9d272ef",
                "sha256:afe1f3bc486d0ce40abb0a0c9adb39aed3bbac36ebdc596487b0cceba55c21c1",
                "sha256:b946da90dc2799bcafa682692c1d2139b2a96ec3c24fa9fc6f5b0da782675330",
                "sha256:b947e264f0e77d30dcbccbb00f49f900b204b922eb0c3a9f0afd61aaa1cedc3d",
                "sha256:bb5635c851eef3a7a54becde6da99485eecf7d068bd885ac8e6d173c4ecd68b0",
                "sha256:bcbebd369493d68162cddb74a9c1fcebd139dfbb7ddb23d8f8e43e6c87bac3a6",
                "sha256:c31805d2c8ade9b11feca4674eee2b9cce1fec3e8ddb7bbdd961a09dc76a80ea",
                "sha256:c8840f064b1fb377cffd3efeaad2b190c14d4c8da02316dae07571252d20b31f",
                "sha256:ccb94342d13e3bf3ffa6e62f95b5e3f0bc6bfa94558cb37f4b3d09d6feb536ff",
                "sha256:d66689e840e75221b0b290b0befa86f059fb35e1ee6443bce51516d4d61b6b99",
                "sha256:dabf1a05318d95b1537fd61d9330ef4313ea1216eea128a17615038859da3b3b",
                "sha256:db03704b3506455d86ec72c3358a779e9b1d07b61220dfb43702b7b668edcd0d",
                "sha256:de4217b9eb8b541cf2b7fde4401ce9d9a411cc0af85d410f9d6f4333f43640be",
                "sha256:df0841f94928f8af9c7a1f0aaaffba1fb74607af023a152f59379c01c53aee58",
                "sha256:dfb992dbcd88d8254471760879d48fb20836d91baa90f181c957122f9592b3dc",
                "sha256:e7e66b4e403c2836ac74f26c4b65d8ac0ca1eef41dfcac2d013b7482befaad83",
                "sha256:e8012bce6836d3f20a6c9599f81dfa945f433dab4dbd0c4917a6fb1f998ab33d",
                "sha256:f01de4ec083daebf210531e2cca3bdb1608dbbbe00a9723e261d92087a1f6ebc",
                "sha256:f0d945a85b70da97ae86113faf9f1b9294efe66bd4a5d6f82f2676d567338b66",
                "sha256:fa0ae3275ef706c0309556061185dd0e4c4cd3b7d6f67ae617e4e677c7a41e2e"
            ],
            "markers": "python_version >= '3.6'",
            "version": "==24.0.1"
        },
        "requests": {
            "hashes": [
                "sha256:6a1b267aa90cac58ac3a765d067950e7dbbf75b1da07e895d1f594193a40a38b",
                "sha256:9c443e7324ba5b85070c4a818ade28bfabedf16ea10206da1132edaa6dda237e"
            ],
            "index": "pypi",
            "version": "==2.18.4"
        },
        "scikit-learn": {
            "hashes": [
                "sha256:13136c6e4f6b808569f7f59299d439b2cd718f85d72ea14b5b6077d44ebc7d17",
                "sha256:370919e3148253fd6552496c33a1e3d78290a336fc8d1b9349d9e9770fae6ec0",
                "sha256:3775cca4ce3f94508bb7c8a6b113044b78c16b0a30a5c169ddeb6b9fe57a8a72",
                "sha256:42f3c5bd893ed73bf47ccccf04dfb98fae743f397d688bb58c2238c0e6ec15d2",
                "sha256:56cfa19c31edf62e6414da0a337efee37a4af488b135640e67238786b9be6ab3",
                "sha256:5c9ff456d67ef9094e5ea272fff2be05d399a47fc30c6c8ed653b94bdf787bd1",
                "sha256:5ca0ad32ee04abe0d4ba02c8d89d501b4e5e0304bdf4d45c2e9875a735b323a0",
                "sha256:5db9e68a384ce80a17fc449d4d5d9b45025fe17cf468429599bf404eccb51049",
                "sha256:6e0899953611d0c47c0d49c5950082ab016b38811fced91cd2dcc889dd94f50a",
                "sha256:72c194c5092e921d6107a8de8a5adae58c35bbc54e030ba624b6f02fd823bb21",
                "sha256:871669cdb5b3481650fe3adff46eb97c455e30ecdc307eaf382ef90d4e2570ab",
                "sha256:873245b03361710f47c5410a050dc56ee8ae97b9f8dcc6e3a81521ca2b64ad10",
                "sha256:8b17fc29554c5c98d88142f895516a5bec2b6b61daa815e1193a64c868ad53d2",
                "sha256:95b155ef6bf829ddfba6026f100ba8e4218b7171ecab97b2163bc9e8d206848f",
                "sha256:a21cf8217e31a9e8e32c559246e05e6909981816152406945ae2e3e244dfcc1f",
                "sha256:a58746d4f389ea7df1d908dba8b52f709835f91c342f459a3ade5424330c69d1",
                "sha256:b2a10e2f9b73de10d8486f7a23549093436062b69139158802910a0f154aa53b",
                "sha256:ba3fd442ae1a46830789b3578867daaf2c8409dcca6bf192e30e85beeabbfc2f",
                "sha256:ce78bf4d10bd7e28807c36c6d2ab25a9934aaf80906ad987622a5e45627d91a2",
                "sha256:d384e6f9a055b7a43492f9d27779adb717eb5dcf78b0603b01d0f070a608d241",
                "sha256:d4da369614e55540c7e830ccdd17ab4fe5412ff8e803a4906d3ece393e2e3a63",
                "sha256:ddc1eb10138ae93c136cc4b5945d3977f302b5d693592a4731b2805a7d7f2a74",
                "sha256:e54a3dd1fe1f8124de90b93c48d120e6da2ea8df29b6895325df01ddc1bd8e26",
                "sha256:ee8c3b1898c728b6e5b5659c233f547700a1fea13ce876b6fe7d3434c70cc0e0",
                "sha256:f528c4b2bba652cf116f5cccf36f4db95a7f9cbfcd1ee549c4e8d0f8628783b5",
                "sha256:f9abae483f4d52acd6f660addb1b67e35dc5748655250af479de2ea6aefc6df0",
                "sha256:fdc39e89bd3466befb76dfc0c258d4ccad159df974954a87de3be5759172a067"
            ],
            "index": "pypi",
            "version": "==0.19.1"
        },
        "scipy": {
            "hashes": [
                "sha256:01c7040a83eb4e020ab729488637dcadef54cb728b035b76668ab92a72515d60",
                "sha256:046705c604c6f1d63cad3e89677c0618b7abb40ed09a4c241c671a2d8e5128a9",
                "sha256:08041e5336fcd57defcc78650b44b3df652eff3e3a801638d894e50494fb630d",
                "sha256:1f58fbd59e8d9652759df0d137832ff2a325ed708c173cba20c86589d811c210",
                "sha256:23a7238279ae94e088396b8b05a9795ef598dc79c5cd1adb91ad1ff87c7514fd",
                "sha256:3b66d5e40152175bca75cbbfd1eb5c108c50de9ae5625923f1c4f8f51cbe2dea",
                "sha256:424500b2fe573d30de6dea927076c01acaadb3efb3d1f40340e8cc37151ccf27",
                "sha256:5774adb6047983489bc81edaa72cd132e665e5680f0b2cf8ea28cd3b99e65d39",
                "sha256:5964dba6a3c0be226d44d2520de8fb4ba1501768bad57eec687d36d3f53b6254",
                "sha256:70e6fc3f2f52c9152f05e27eb9bd8543cb862cacb71f8521a571e4ffb837f450",
                "sha256:87ea1f11a0e9ec08c264dc64551d501fa307289460705f6fccd84cbfc7926d10",
                "sha256:889602ead28054a15e8c26e1a6b8420d5a4fa777cfeb3ec98cfa52b9f317d153",
                "sha256:912499ddb521b7ac6287ac4ccf5f296a83d38996c2d04f43c9e62a91f7b420aa",
                "sha256:97123a25216616723083942eb595f47fee18da6b637a88b803de5f078009003c",
                "sha256:9bd193686fd837472bdb6425486cb234ed0a4db76b930c141cc8d095ab213c8d",
                "sha256:a79b99b8b5af9a63312bd053bbb7bdb7710e6bbb9cc81617f9f6b9b1e49c72f8",
                "sha256:a9e479648aab5f36330da94f351ebbfe79acb4e6f5e6ac6aeddc9291eb096839",
                "sha256:bf36f3485e7b7291c36330a93bbfd4f5e8db23bbe4ea46c37b2839fef463f4e2",
                "sha256:cd23894e1cc6eaa00e6807b6b12e4ca66d5ff092986c9c3eb01e97f24e2d6462",
                "sha256:d84df0bc86bbdd49f0a6b6bad5cd62ccb02a3bfe546bf79263de44ae081bcd7b",
                "sha256:e3a5673c105eab802fdecb77f102d877352e201df9328698a265b7f57546b34b",
                "sha256:fa17be6c66985931d3a391f61a6ba97c902585cf26020aa3eb24604115732d22",
                "sha256:ff8b6637d8d2c074ed67f3d57513e62f94747c6f1210f43e60ad3d8e93a424e4"
            ],
            "index": "pypi",
            "version": "==1.0.0"
        },
        "setuptools": {
            "hashes": [
                "sha256:22c7348c6d2976a52632c67f7ab0cdf40147db7789f9aed18734643fe9cf3373",
                "sha256:4ce92f1e1f8f01233ee9952c04f6b81d1e02939d6e1b488428154974a4d0783e"
            ],
            "markers": "python_version >= '3.6'",
            "version": "==59.6.0"
        },
        "simplegeneric": {
            "hashes": [
                "sha256:dc972e06094b9af5b855b3df4a646395e43d1c9d0d39ed345b7393560d0b9173"
            ],
            "version": "==0.8.1"
        },
        "six": {
            "hashes": [
                "sha256:1e61c37477a1626458e36f7b1d82aa5c9b094fa4802892072e49de9c60c4c926",
                "sha256:8abb2f1d86890a2dfb989f9a77cfcfd3e47c2a354b01111771326f8aa26e0254"
            ],
            "markers": "python_version >= '2.7' and python_version not in '3.0, 3.1, 3.2, 3.3'",
            "version": "==1.16.0"
        },
        "sympy": {
            "hashes": [
                "sha256:ac5b57691bc43919dcc21167660a57cc51797c28a4301a6144eff07b751216a4"
            ],
            "index": "pypi",
            "version": "==1.1.1"
        },
        "tornado": {
            "hashes": [
                "sha256:0a00ff4561e2929a2c37ce706cb8233b7907e0cdc22eab98888aca5dd3775feb",
                "sha256:0d321a39c36e5f2c4ff12b4ed58d41390460f798422c4504e09eb5678e09998c",
                "sha256:1e8225a1070cd8eec59a996c43229fe8f95689cb16e552d130b9793cb570a288",
                "sha256:20241b3cb4f425e971cb0a8e4ffc9b0a861530ae3c52f2b0434e6c1b57e9fd95",
                "sha256:25ad220258349a12ae87ede08a7b04aca51237721f63b1808d39bdb4b2164558",
                "sha256:33892118b165401f291070100d6d09359ca74addda679b60390b09f8ef325ffe",
                "sha256:33c6e81d7bd55b468d2e793517c909b139960b6c790a60b7991b9b6b76fb9791",
                "sha256:3447475585bae2e77ecb832fc0300c3695516a47d46cefa0528181a34c5b9d3d",
                "sha256:34ca2dac9e4d7afb0bed4677512e36a52f09caa6fded70b4e3e1c89dbd92c326",
                "sha256:3e63498f680547ed24d2c71e6497f24bca791aca2fe116dbc2bd0ac7f191691b",
                "sha256:548430be2740e327b3fe0201abe471f314741efcb0067ec4f2d7dcfb4825f3e4",
                "sha256:6196a5c39286cc37c024cd78834fb9345e464525d8991c21e908cc046d1cc02c",
                "sha256:61b32d06ae8a036a6607805e6720ef00a3c98207038444ba7fd3d169cd998910",
                "sha256:6286efab1ed6e74b7028327365cf7346b1d777d63ab30e21a0f4d5b275fc17d5",
                "sha256:65d98939f1a2e74b58839f8c4dab3b6b3c1ce84972ae712be02845e65391ac7c",
                "sha256:66324e4e1beede9ac79e60f88de548da58b1f8ab4b2f1354d8375774f997e6c0",
                "sha256:6c77c9937962577a6a76917845d06af6ab9197702a42e1346d8ae2e76b5e3675",
                "sha256:70dec29e8ac485dbf57481baee40781c63e381bebea080991893cd297742b8fd",
                "sha256:7250a3fa399f08ec9cb3f7b1b987955d17e044f1ade821b32e5f435130250d7f",
                "sha256:748290bf9112b581c525e6e6d3820621ff020ed95af6f17fedef416b27ed564c",
                "sha256:7da13da6f985aab7f6f28debab00c67ff9cbacd588e8477034c0652ac141feea",
                "sha256:8f959b26f2634a091bb42241c3ed8d3cedb506e7c27b8dd5c7b9f745318ddbb6",
                "sha256:9de9e5188a782be6b1ce866e8a51bc76a0fbaa0e16613823fc38e4fc2556ad05",
                "sha256:a48900ecea1cbb71b8c71c620dee15b62f85f7c14189bdeee54966fbd9a0c5bd",
                "sha256:b87936fd2c317b6ee08a5741ea06b9d11a6074ef4cc42e031bc6403f82a32575",
                "sha256:c77da1263aa361938476f04c4b6c8916001b90b2c2fdd92d8d535e1af48fba5a",
                "sha256:cb5ec8eead331e3bb4ce8066cf06d2dfef1bfb1b2a73082dfe8a161301b76e37",
                "sha256:cc0ee35043162abbf717b7df924597ade8e5395e7b66d18270116f8745ceb795",
                "sha256:d14d30e7f46a0476efb0deb5b61343b1526f73ebb5ed84f23dc794bdb88f9d9f",
                "sha256:d371e811d6b156d82aa5f9a4e08b58debf97c302a35714f6f45e35139c332e32",
                "sha256:d3d20ea5782ba63ed13bc2b8c291a053c8d807a8fa927d941bd718468f7b950c",
                "sha256:d3f7594930c423fd9f5d1a76bee85a2c36fd8b4b16921cae7e965f22575e9c01",
                "sha256:dcef026f608f678c118779cd6591c8af6e9b4155c44e0d1bc0c87c036fb8c8c4",
                "sha256:e0791ac58d91ac58f694d8d2957884df8e4e2f6687cdf367ef7eb7497f79eaa2",
                "sha256:e385b637ac3acaae8022e7e47dfa7b83d3620e432e3ecb9a3f7f58f150e50921",
                "sha256:e519d64089b0876c7b467274468709dadf11e41d65f63bba207e04217f47c085",
                "sha256:e7229e60ac41a1202444497ddde70a48d33909e484f96eb0da9baf8dc68541df",
                "sha256:ed3ad863b1b40cd1d4bd21e7498329ccaece75db5a5bf58cd3c9f130843e7102",
                "sha256:f0ba29bafd8e7e22920567ce0d232c26d4d47c8b5cf4ed7b562b5db39fa199c5",
                "sha256:fa2ba70284fa42c2a5ecb35e322e68823288a4251f9ba9cc77be04ae15eada68",
                "sha256:fba85b6cd9c39be262fcd23865652920832b61583de2a2ca907dbd8e8a8c81e5"
            ],
            "markers": "python_version >= '3.5'",
            "version": "==6.1"
        },
        "traitlets": {
            "hashes": [
                "sha256:70b4c6a1d9019d7b4f6846832288f86998aa3b9207c6821f3578a6a6a467fe44",
                "sha256:d023ee369ddd2763310e4c3eae1ff649689440d4ae59d7485eb4cfbbe3e359f7"
            ],
            "version": "==4.3.3"
        },
        "urllib3": {
            "hashes": [
                "sha256:06330f386d6e4b195fbfc736b297f58c5a892e4440e54d294d7004e3a9bbea1b",
                "sha256:cc44da8e1145637334317feebd728bd869a35285b93cbb4cca2577da7e62db4f"
            ],
            "version": "==1.22"
        },
        "wcwidth": {
            "hashes": [
                "sha256:beb4802a9cebb9144e99086eff703a642a13d6a0052920003a230f3294bbe784",
                "sha256:c4d647b99872929fdb7bdcaa4fbe7f01413ed3d98077df798530e5b04f116c83"
            ],
            "version": "==0.2.5"
        },
        "zhon": {
            "hashes": [
                "sha256:793723575c46f10ace8846c579ce740b04c73e2aa583e04e000aedbd4a47f87f"
            ],
            "index": "pypi",
            "version": "==1.1.5"
        }
    },
    "develop": {}
}
